// !$*UTF8*$!
{
	archiveVersion = 1;
	classes = {
	};
	objectVersion = 46;
	objects = {

/* Begin PBXBuildFile section */
		7D284FF01FD0CC7A00EA843F /* WelcomePageVC.swift in Sources */ = {isa = PBXBuildFile; fileRef = 7D284FEF1FD0CC7A00EA843F /* WelcomePageVC.swift */; };
		7D284FF21FD0CDAC00EA843F /* test2.mov in Resources */ = {isa = PBXBuildFile; fileRef = 7D284FF11FD0CDAC00EA843F /* test2.mov */; };
		7D7E2BC91FD4CD8300C9F4A8 /* CoreDataHandler.swift in Sources */ = {isa = PBXBuildFile; fileRef = 7D7E2BC81FD4CD8300C9F4A8 /* CoreDataHandler.swift */; };
		7D9C5B271FAD604B00A9EFC6 /* MealVC.swift in Sources */ = {isa = PBXBuildFile; fileRef = 7D9C5B261FAD604B00A9EFC6 /* MealVC.swift */; };
		7D9C5B471FAF4DE400A9EFC6 /* FavoriteCell.swift in Sources */ = {isa = PBXBuildFile; fileRef = 7D9C5B461FAF4DE400A9EFC6 /* FavoriteCell.swift */; };
		7D9C5B491FAF5F3C00A9EFC6 /* Assets.xcassets in Resources */ = {isa = PBXBuildFile; fileRef = 7D9C5B481FAF5F3C00A9EFC6 /* Assets.xcassets */; };
		7D9C5B4B1FAF8D2F00A9EFC6 /* MealCell.swift in Sources */ = {isa = PBXBuildFile; fileRef = 7D9C5B4A1FAF8D2F00A9EFC6 /* MealCell.swift */; };
		7DF879601FE095A000BE2D97 /* RegisterVC.swift in Sources */ = {isa = PBXBuildFile; fileRef = 7DF8795F1FE095A000BE2D97 /* RegisterVC.swift */; };
		7DFADEAB1FA7B89800906976 /* AppDelegate.swift in Sources */ = {isa = PBXBuildFile; fileRef = 7DFADEAA1FA7B89800906976 /* AppDelegate.swift */; };
		7DFADEB01FA7B89800906976 /* Main.storyboard in Resources */ = {isa = PBXBuildFile; fileRef = 7DFADEAE1FA7B89800906976 /* Main.storyboard */; };
		7DFADEB31FA7B89800906976 /* Foody.xcdatamodeld in Sources */ = {isa = PBXBuildFile; fileRef = 7DFADEB11FA7B89800906976 /* Foody.xcdatamodeld */; };
		7DFADEB81FA7B89800906976 /* LaunchScreen.storyboard in Resources */ = {isa = PBXBuildFile; fileRef = 7DFADEB61FA7B89800906976 /* LaunchScreen.storyboard */; };
		7DFADEC71FA8C23600906976 /* Meal+CoreDataClass.swift in Sources */ = {isa = PBXBuildFile; fileRef = 7DFADEC51FA8C23600906976 /* Meal+CoreDataClass.swift */; };
		7DFADEC81FA8C23600906976 /* Meal+CoreDataProperties.swift in Sources */ = {isa = PBXBuildFile; fileRef = 7DFADEC61FA8C23600906976 /* Meal+CoreDataProperties.swift */; };
		7DFADECA1FA8CBDF00906976 /* LoginVC.swift in Sources */ = {isa = PBXBuildFile; fileRef = 7DFADEC91FA8CBDF00906976 /* LoginVC.swift */; };
		7DFADED21FA8CCD400906976 /* AddMealVC.swift in Sources */ = {isa = PBXBuildFile; fileRef = 7DFADED11FA8CCD400906976 /* AddMealVC.swift */; };
		7DFADED41FA8CCEA00906976 /* MapVC.swift in Sources */ = {isa = PBXBuildFile; fileRef = 7DFADED31FA8CCEA00906976 /* MapVC.swift */; };
		7DFADED61FA8CD0300906976 /* SettingsVC.swift in Sources */ = {isa = PBXBuildFile; fileRef = 7DFADED51FA8CD0300906976 /* SettingsVC.swift */; };
		7DFADEDA1FA8CD5900906976 /* FavoritesVC.swift in Sources */ = {isa = PBXBuildFile; fileRef = 7DFADED91FA8CD5900906976 /* FavoritesVC.swift */; };
		7DFADEDC1FA8D50800906976 /* ListTVC.swift in Sources */ = {isa = PBXBuildFile; fileRef = 7DFADEDB1FA8D50800906976 /* ListTVC.swift */; };
		7DFADEDF1FA92DFB00906976 /* HoshiTextField.swift in Sources */ = {isa = PBXBuildFile; fileRef = 7DFADEDD1FA92DFB00906976 /* HoshiTextField.swift */; };
		7DFADEE01FA92DFB00906976 /* TextFieldEffects.swift in Sources */ = {isa = PBXBuildFile; fileRef = 7DFADEDE1FA92DFB00906976 /* TextFieldEffects.swift */; };
		7DFADEE21FA9331900906976 /* Yellowtail-Regular.otf in Resources */ = {isa = PBXBuildFile; fileRef = 7DFADEE11FA9331900906976 /* Yellowtail-Regular.otf */; };
		7DFADEE51FA9345500906976 /* Dynalight-Regular.otf in Resources */ = {isa = PBXBuildFile; fileRef = 7DFADEE41FA9345500906976 /* Dynalight-Regular.otf */; };
/* End PBXBuildFile section */

/* Begin PBXFileReference section */
		7D284FEF1FD0CC7A00EA843F /* WelcomePageVC.swift */ = {isa = PBXFileReference; fileEncoding = 4; lastKnownFileType = sourcecode.swift; path = WelcomePageVC.swift; sourceTree = "<group>"; };
		7D284FF11FD0CDAC00EA843F /* test2.mov */ = {isa = PBXFileReference; lastKnownFileType = video.quicktime; path = test2.mov; sourceTree = "<group>"; };
		7D7E2BC81FD4CD8300C9F4A8 /* CoreDataHandler.swift */ = {isa = PBXFileReference; lastKnownFileType = sourcecode.swift; path = CoreDataHandler.swift; sourceTree = "<group>"; };
		7D9C5B261FAD604B00A9EFC6 /* MealVC.swift */ = {isa = PBXFileReference; fileEncoding = 4; lastKnownFileType = sourcecode.swift; path = MealVC.swift; sourceTree = "<group>"; };
		7D9C5B461FAF4DE400A9EFC6 /* FavoriteCell.swift */ = {isa = PBXFileReference; fileEncoding = 4; lastKnownFileType = sourcecode.swift; path = FavoriteCell.swift; sourceTree = "<group>"; };
		7D9C5B481FAF5F3C00A9EFC6 /* Assets.xcassets */ = {isa = PBXFileReference; lastKnownFileType = folder.assetcatalog; path = Assets.xcassets; sourceTree = "<group>"; };
		7D9C5B4A1FAF8D2F00A9EFC6 /* MealCell.swift */ = {isa = PBXFileReference; fileEncoding = 4; lastKnownFileType = sourcecode.swift; path = MealCell.swift; sourceTree = "<group>"; };
		7DF8795F1FE095A000BE2D97 /* RegisterVC.swift */ = {isa = PBXFileReference; lastKnownFileType = sourcecode.swift; path = RegisterVC.swift; sourceTree = "<group>"; };
		7DFADEA71FA7B89800906976 /* Foody.app */ = {isa = PBXFileReference; explicitFileType = wrapper.application; includeInIndex = 0; path = Foody.app; sourceTree = BUILT_PRODUCTS_DIR; };
		7DFADEAA1FA7B89800906976 /* AppDelegate.swift */ = {isa = PBXFileReference; lastKnownFileType = sourcecode.swift; path = AppDelegate.swift; sourceTree = "<group>"; };
		7DFADEAF1FA7B89800906976 /* Base */ = {isa = PBXFileReference; lastKnownFileType = file.storyboard; name = Base; path = Base.lproj/Main.storyboard; sourceTree = "<group>"; };
		7DFADEB21FA7B89800906976 /* Foody.xcdatamodel */ = {isa = PBXFileReference; lastKnownFileType = wrapper.xcdatamodel; path = Foody.xcdatamodel; sourceTree = "<group>"; };
		7DFADEB71FA7B89800906976 /* Base */ = {isa = PBXFileReference; lastKnownFileType = file.storyboard; name = Base; path = Base.lproj/LaunchScreen.storyboard; sourceTree = "<group>"; };
		7DFADEB91FA7B89800906976 /* Info.plist */ = {isa = PBXFileReference; lastKnownFileType = text.plist.xml; path = Info.plist; sourceTree = "<group>"; };
		7DFADEC51FA8C23600906976 /* Meal+CoreDataClass.swift */ = {isa = PBXFileReference; fileEncoding = 4; lastKnownFileType = sourcecode.swift; path = "Meal+CoreDataClass.swift"; sourceTree = "<group>"; };
		7DFADEC61FA8C23600906976 /* Meal+CoreDataProperties.swift */ = {isa = PBXFileReference; fileEncoding = 4; lastKnownFileType = sourcecode.swift; path = "Meal+CoreDataProperties.swift"; sourceTree = "<group>"; };
		7DFADEC91FA8CBDF00906976 /* LoginVC.swift */ = {isa = PBXFileReference; fileEncoding = 4; lastKnownFileType = sourcecode.swift; path = LoginVC.swift; sourceTree = "<group>"; };
		7DFADED11FA8CCD400906976 /* AddMealVC.swift */ = {isa = PBXFileReference; fileEncoding = 4; lastKnownFileType = sourcecode.swift; path = AddMealVC.swift; sourceTree = "<group>"; };
		7DFADED31FA8CCEA00906976 /* MapVC.swift */ = {isa = PBXFileReference; fileEncoding = 4; lastKnownFileType = sourcecode.swift; path = MapVC.swift; sourceTree = "<group>"; };
		7DFADED51FA8CD0300906976 /* SettingsVC.swift */ = {isa = PBXFileReference; fileEncoding = 4; lastKnownFileType = sourcecode.swift; path = SettingsVC.swift; sourceTree = "<group>"; };
		7DFADED91FA8CD5900906976 /* FavoritesVC.swift */ = {isa = PBXFileReference; fileEncoding = 4; lastKnownFileType = sourcecode.swift; path = FavoritesVC.swift; sourceTree = "<group>"; };
		7DFADEDB1FA8D50800906976 /* ListTVC.swift */ = {isa = PBXFileReference; fileEncoding = 4; lastKnownFileType = sourcecode.swift; path = ListTVC.swift; sourceTree = "<group>"; };
		7DFADEDD1FA92DFB00906976 /* HoshiTextField.swift */ = {isa = PBXFileReference; fileEncoding = 4; lastKnownFileType = sourcecode.swift; path = HoshiTextField.swift; sourceTree = "<group>"; };
		7DFADEDE1FA92DFB00906976 /* TextFieldEffects.swift */ = {isa = PBXFileReference; fileEncoding = 4; lastKnownFileType = sourcecode.swift; path = TextFieldEffects.swift; sourceTree = "<group>"; };
		7DFADEE11FA9331900906976 /* Yellowtail-Regular.otf */ = {isa = PBXFileReference; lastKnownFileType = file; path = "Yellowtail-Regular.otf"; sourceTree = "<group>"; };
		7DFADEE41FA9345500906976 /* Dynalight-Regular.otf */ = {isa = PBXFileReference; lastKnownFileType = file; path = "Dynalight-Regular.otf"; sourceTree = "<group>"; };
/* End PBXFileReference section */

/* Begin PBXFrameworksBuildPhase section */
		7DFADEA41FA7B89800906976 /* Frameworks */ = {
			isa = PBXFrameworksBuildPhase;
			buildActionMask = 2147483647;
			files = (
			);
			runOnlyForDeploymentPostprocessing = 0;
		};
/* End PBXFrameworksBuildPhase section */

/* Begin PBXGroup section */
		7DFADE9E1FA7B89800906976 = {
			isa = PBXGroup;
			children = (
				7DFADEC51FA8C23600906976 /* Meal+CoreDataClass.swift */,
				7DFADEC61FA8C23600906976 /* Meal+CoreDataProperties.swift */,
				7DFADEA91FA7B89800906976 /* Foody */,
				7DFADEDD1FA92DFB00906976 /* HoshiTextField.swift */,
				7DFADEDE1FA92DFB00906976 /* TextFieldEffects.swift */,
				7DFADEA81FA7B89800906976 /* Products */,
				7D284FF11FD0CDAC00EA843F /* test2.mov */,
			);
			sourceTree = "<group>";
		};
		7DFADEA81FA7B89800906976 /* Products */ = {
			isa = PBXGroup;
			children = (
				7DFADEA71FA7B89800906976 /* Foody.app */,
			);
			name = Products;
			sourceTree = "<group>";
		};
		7DFADEA91FA7B89800906976 /* Foody */ = {
			isa = PBXGroup;
			children = (
				7DFADEAA1FA7B89800906976 /* AppDelegate.swift */,
				7DFADEAE1FA7B89800906976 /* Main.storyboard */,
				7D9C5B461FAF4DE400A9EFC6 /* FavoriteCell.swift */,
				7DFADEE31FA9332A00906976 /* Fonts */,
				7DFADEB61FA7B89800906976 /* LaunchScreen.storyboard */,
				7DFADEB91FA7B89800906976 /* Info.plist */,
				7DFADEB11FA7B89800906976 /* Foody.xcdatamodeld */,
				7D284FEF1FD0CC7A00EA843F /* WelcomePageVC.swift */,
				7DFADEC91FA8CBDF00906976 /* LoginVC.swift */,
				7DF8795F1FE095A000BE2D97 /* RegisterVC.swift */,
				7DFADED11FA8CCD400906976 /* AddMealVC.swift */,
				7DFADEDB1FA8D50800906976 /* ListTVC.swift */,
				7D9C5B4A1FAF8D2F00A9EFC6 /* MealCell.swift */,
				7DFADED31FA8CCEA00906976 /* MapVC.swift */,
				7DFADED91FA8CD5900906976 /* FavoritesVC.swift */,
				7DFADED51FA8CD0300906976 /* SettingsVC.swift */,
				7D9C5B261FAD604B00A9EFC6 /* MealVC.swift */,
				7D9C5B481FAF5F3C00A9EFC6 /* Assets.xcassets */,
				7D7E2BC81FD4CD8300C9F4A8 /* CoreDataHandler.swift */,
			);
			path = Foody;
			sourceTree = "<group>";
		};
		7DFADEE31FA9332A00906976 /* Fonts */ = {
			isa = PBXGroup;
			children = (
				7DFADEE41FA9345500906976 /* Dynalight-Regular.otf */,
				7DFADEE11FA9331900906976 /* Yellowtail-Regular.otf */,
			);
			name = Fonts;
			sourceTree = "<group>";
		};
/* End PBXGroup section */

/* Begin PBXNativeTarget section */
		7DFADEA61FA7B89800906976 /* Foody */ = {
			isa = PBXNativeTarget;
			buildConfigurationList = 7DFADEBC1FA7B89800906976 /* Build configuration list for PBXNativeTarget "Foody" */;
			buildPhases = (
				7DFADEA31FA7B89800906976 /* Sources */,
				7DFADEA41FA7B89800906976 /* Frameworks */,
				7DFADEA51FA7B89800906976 /* Resources */,
			);
			buildRules = (
			);
			dependencies = (
			);
			name = Foody;
			productName = Foody;
			productReference = 7DFADEA71FA7B89800906976 /* Foody.app */;
			productType = "com.apple.product-type.application";
		};
/* End PBXNativeTarget section */

/* Begin PBXProject section */
		7DFADE9F1FA7B89800906976 /* Project object */ = {
			isa = PBXProject;
			attributes = {
				LastSwiftUpdateCheck = 0830;
				LastUpgradeCheck = 0830;
				ORGANIZATIONNAME = "Sebastian Strus";
				TargetAttributes = {
					7DFADEA61FA7B89800906976 = {
						CreatedOnToolsVersion = 8.3.3;
						DevelopmentTeam = 4SL936GBZY;
						ProvisioningStyle = Automatic;
					};
				};
			};
			buildConfigurationList = 7DFADEA21FA7B89800906976 /* Build configuration list for PBXProject "Foody" */;
			compatibilityVersion = "Xcode 3.2";
			developmentRegion = English;
			hasScannedForEncodings = 0;
			knownRegions = (
				en,
				Base,
			);
			mainGroup = 7DFADE9E1FA7B89800906976;
			productRefGroup = 7DFADEA81FA7B89800906976 /* Products */;
			projectDirPath = "";
			projectRoot = "";
			targets = (
				7DFADEA61FA7B89800906976 /* Foody */,
			);
		};
/* End PBXProject section */

/* Begin PBXResourcesBuildPhase section */
		7DFADEA51FA7B89800906976 /* Resources */ = {
			isa = PBXResourcesBuildPhase;
			buildActionMask = 2147483647;
			files = (
				7DFADEE51FA9345500906976 /* Dynalight-Regular.otf in Resources */,
				7DFADEB81FA7B89800906976 /* LaunchScreen.storyboard in Resources */,
				7DFADEE21FA9331900906976 /* Yellowtail-Regular.otf in Resources */,
				7DFADEB01FA7B89800906976 /* Main.storyboard in Resources */,
				7D9C5B491FAF5F3C00A9EFC6 /* Assets.xcassets in Resources */,
				7D284FF21FD0CDAC00EA843F /* test2.mov in Resources */,
			);
			runOnlyForDeploymentPostprocessing = 0;
		};
/* End PBXResourcesBuildPhase section */

/* Begin PBXSourcesBuildPhase section */
		7DFADEA31FA7B89800906976 /* Sources */ = {
			isa = PBXSourcesBuildPhase;
			buildActionMask = 2147483647;
			files = (
				7D9C5B4B1FAF8D2F00A9EFC6 /* MealCell.swift in Sources */,
				7DFADEDF1FA92DFB00906976 /* HoshiTextField.swift in Sources */,
				7DFADEDA1FA8CD5900906976 /* FavoritesVC.swift in Sources */,
				7DFADEE01FA92DFB00906976 /* TextFieldEffects.swift in Sources */,
				7DFADEDC1FA8D50800906976 /* ListTVC.swift in Sources */,
				7DFADEB31FA7B89800906976 /* Foody.xcdatamodeld in Sources */,
				7DFADECA1FA8CBDF00906976 /* LoginVC.swift in Sources */,
				7DFADED21FA8CCD400906976 /* AddMealVC.swift in Sources */,
				7DFADEC71FA8C23600906976 /* Meal+CoreDataClass.swift in Sources */,
				7D7E2BC91FD4CD8300C9F4A8 /* CoreDataHandler.swift in Sources */,
				7DFADED41FA8CCEA00906976 /* MapVC.swift in Sources */,
				7DFADEC81FA8C23600906976 /* Meal+CoreDataProperties.swift in Sources */,
				7DFADEAB1FA7B89800906976 /* AppDelegate.swift in Sources */,
				7D9C5B471FAF4DE400A9EFC6 /* FavoriteCell.swift in Sources */,
				7DFADED61FA8CD0300906976 /* SettingsVC.swift in Sources */,
				7DF879601FE095A000BE2D97 /* RegisterVC.swift in Sources */,
				7D284FF01FD0CC7A00EA843F /* WelcomePageVC.swift in Sources */,
				7D9C5B271FAD604B00A9EFC6 /* MealVC.swift in Sources */,
			);
			runOnlyForDeploymentPostprocessing = 0;
		};
/* End PBXSourcesBuildPhase section */

/* Begin PBXVariantGroup section */
		7DFADEAE1FA7B89800906976 /* Main.storyboard */ = {
			isa = PBXVariantGroup;
			children = (
				7DFADEAF1FA7B89800906976 /* Base */,
			);
			name = Main.storyboard;
			sourceTree = "<group>";
		};
		7DFADEB61FA7B89800906976 /* LaunchScreen.storyboard */ = {
			isa = PBXVariantGroup;
			children = (
				7DFADEB71FA7B89800906976 /* Base */,
			);
			name = LaunchScreen.storyboard;
			sourceTree = "<group>";
		};
/* End PBXVariantGroup section */

/* Begin XCBuildConfiguration section */
		7DFADEBA1FA7B89800906976 /* Debug */ = {
			isa = XCBuildConfiguration;
			buildSettings = {
				ALWAYS_SEARCH_USER_PATHS = NO;
				CLANG_ANALYZER_NONNULL = YES;
				CLANG_ANALYZER_NUMBER_OBJECT_CONVERSION = YES_AGGRESSIVE;
				CLANG_CXX_LANGUAGE_STANDARD = "gnu++0x";
				CLANG_CXX_LIBRARY = "libc++";
				CLANG_ENABLE_MODULES = YES;
				CLANG_ENABLE_OBJC_ARC = YES;
				CLANG_WARN_BOOL_CONVERSION = YES;
				CLANG_WARN_CONSTANT_CONVERSION = YES;
				CLANG_WARN_DIRECT_OBJC_ISA_USAGE = YES_ERROR;
				CLANG_WARN_DOCUMENTATION_COMMENTS = YES;
				CLANG_WARN_EMPTY_BODY = YES;
				CLANG_WARN_ENUM_CONVERSION = YES;
				CLANG_WARN_INFINITE_RECURSION = YES;
				CLANG_WARN_INT_CONVERSION = YES;
				CLANG_WARN_OBJC_ROOT_CLASS = YES_ERROR;
				CLANG_WARN_SUSPICIOUS_MOVE = YES;
				CLANG_WARN_UNREACHABLE_CODE = YES;
				CLANG_WARN__DUPLICATE_METHOD_MATCH = YES;
				"CODE_SIGN_IDENTITY[sdk=iphoneos*]" = "iPhone Developer";
				COPY_PHASE_STRIP = NO;
				DEBUG_INFORMATION_FORMAT = dwarf;
				ENABLE_STRICT_OBJC_MSGSEND = YES;
				ENABLE_TESTABILITY = YES;
				GCC_C_LANGUAGE_STANDARD = gnu99;
				GCC_DYNAMIC_NO_PIC = NO;
				GCC_NO_COMMON_BLOCKS = YES;
				GCC_OPTIMIZATION_LEVEL = 0;
				GCC_PREPROCESSOR_DEFINITIONS = (
					"DEBUG=1",
					"$(inherited)",
				);
				GCC_WARN_64_TO_32_BIT_CONVERSION = YES;
				GCC_WARN_ABOUT_RETURN_TYPE = YES_ERROR;
				GCC_WARN_UNDECLARED_SELECTOR = YES;
				GCC_WARN_UNINITIALIZED_AUTOS = YES_AGGRESSIVE;
				GCC_WARN_UNUSED_FUNCTION = YES;
				GCC_WARN_UNUSED_VARIABLE = YES;
				IPHONEOS_DEPLOYMENT_TARGET = 10.3;
				MTL_ENABLE_DEBUG_INFO = YES;
				ONLY_ACTIVE_ARCH = YES;
				SDKROOT = iphoneos;
				SWIFT_ACTIVE_COMPILATION_CONDITIONS = DEBUG;
				SWIFT_OPTIMIZATION_LEVEL = "-Onone";
			};
			name = Debug;
		};
		7DFADEBB1FA7B89800906976 /* Release */ = {
			isa = XCBuildConfiguration;
			buildSettings = {
				ALWAYS_SEARCH_USER_PATHS = NO;
				CLANG_ANALYZER_NONNULL = YES;
				CLANG_ANALYZER_NUMBER_OBJECT_CONVERSION = YES_AGGRESSIVE;
				CLANG_CXX_LANGUAGE_STANDARD = "gnu++0x";
				CLANG_CXX_LIBRARY = "libc++";
				CLANG_ENABLE_MODULES = YES;
				CLANG_ENABLE_OBJC_ARC = YES;
				CLANG_WARN_BOOL_CONVERSION = YES;
				CLANG_WARN_CONSTANT_CONVERSION = YES;
				CLANG_WARN_DIRECT_OBJC_ISA_USAGE = YES_ERROR;
				CLANG_WARN_DOCUMENTATION_COMMENTS = YES;
				CLANG_WARN_EMPTY_BODY = YES;
				CLANG_WARN_ENUM_CONVERSION = YES;
				CLANG_WARN_INFINITE_RECURSION = YES;
				CLANG_WARN_INT_CONVERSION = YES;
				CLANG_WARN_OBJC_ROOT_CLASS = YES_ERROR;
				CLANG_WARN_SUSPICIOUS_MOVE = YES;
				CLANG_WARN_UNREACHABLE_CODE = YES;
				CLANG_WARN__DUPLICATE_METHOD_MATCH = YES;
				"CODE_SIGN_IDENTITY[sdk=iphoneos*]" = "iPhone Developer";
				COPY_PHASE_STRIP = NO;
				DEBUG_INFORMATION_FORMAT = "dwarf-with-dsym";
				ENABLE_NS_ASSERTIONS = NO;
				ENABLE_STRICT_OBJC_MSGSEND = YES;
				GCC_C_LANGUAGE_STANDARD = gnu99;
				GCC_NO_COMMON_BLOCKS = YES;
				GCC_WARN_64_TO_32_BIT_CONVERSION = YES;
				GCC_WARN_ABOUT_RETURN_TYPE = YES_ERROR;
				GCC_WARN_UNDECLARED_SELECTOR = YES;
				GCC_WARN_UNINITIALIZED_AUTOS = YES_AGGRESSIVE;
				GCC_WARN_UNUSED_FUNCTION = YES;
				GCC_WARN_UNUSED_VARIABLE = YES;
				IPHONEOS_DEPLOYMENT_TARGET = 10.3;
				MTL_ENABLE_DEBUG_INFO = NO;
				SDKROOT = iphoneos;
				SWIFT_OPTIMIZATION_LEVEL = "-Owholemodule";
				VALIDATE_PRODUCT = YES;
			};
			name = Release;
		};
		7DFADEBD1FA7B89800906976 /* Debug */ = {
			isa = XCBuildConfiguration;
			buildSettings = {
				ASSETCATALOG_COMPILER_APPICON_NAME = AppIcon;
				DEVELOPMENT_TEAM = 4SL936GBZY;
				INFOPLIST_FILE = Foody/Info.plist;
				LD_RUNPATH_SEARCH_PATHS = "$(inherited) @executable_path/Frameworks";
				PRODUCT_BUNDLE_IDENTIFIER = SEB.Foody;
				PRODUCT_NAME = "$(TARGET_NAME)";
				SWIFT_VERSION = 3.0;
			};
			name = Debug;
		};
		7DFADEBE1FA7B89800906976 /* Release */ = {
			isa = XCBuildConfiguration;
			buildSettings = {
				ASSETCATALOG_COMPILER_APPICON_NAME = AppIcon;
				DEVELOPMENT_TEAM = 4SL936GBZY;
				INFOPLIST_FILE = Foody/Info.plist;
				LD_RUNPATH_SEARCH_PATHS = "$(inherited) @executable_path/Frameworks";
				PRODUCT_BUNDLE_IDENTIFIER = SEB.Foody;
				PRODUCT_NAME = "$(TARGET_NAME)";
				SWIFT_VERSION = 3.0;
			};
			name = Release;
		};
/* End XCBuildConfiguration section */

/* Begin XCConfigurationList section */
		7DFADEA21FA7B89800906976 /* Build configuration list for PBXProject "Foody" */ = {
			isa = XCConfigurationList;
			buildConfigurations = (
				7DFADEBA1FA7B89800906976 /* Debug */,
				7DFADEBB1FA7B89800906976 /* Release */,
			);
			defaultConfigurationIsVisible = 0;
			defaultConfigurationName = Release;
		};
		7DFADEBC1FA7B89800906976 /* Build configuration list for PBXNativeTarget "Foody" */ = {
			isa = XCConfigurationList;
			buildConfigurations = (
				7DFADEBD1FA7B89800906976 /* Debug */,
				7DFADEBE1FA7B89800906976 /* Release */,
			);
			defaultConfigurationIsVisible = 0;
			defaultConfigurationName = Release;
		};
/* End XCConfigurationList section */

/* Begin XCVersionGroup section */
		7DFADEB11FA7B89800906976 /* Foody.xcdatamodeld */ = {
			isa = XCVersionGroup;
			children = (
				7DFADEB21FA7B89800906976 /* Foody.xcdatamodel */,
			);
			currentVersion = 7DFADEB21FA7B89800906976 /* Foody.xcdatamodel */;
			path = Foody.xcdatamodeld;
			sourceTree = "<group>";
			versionGroupType = wrapper.xcdatamodel;
		};
/* End XCVersionGroup section */
	};
	rootObject = 7DFADE9F1FA7B89800906976 /* Project object */;
}
